
Microsoft Visual Studio Solution File, Format Version 12.00
# Visual Studio Version 17
VisualStudioVersion = 17.3.32901.215
MinimumVisualStudioVersion = 10.0.40219.1
Project("{FAE04EC0-301F-11D3-BF4B-00C04F79EFBC}") = "BE-CRUDMascotas", "BE-CRUDMascotas\BE-CRUDMascotas.csproj", "{5CEBA531-0B5F-4C52-B58C-D0E5BF4D42C6}"
EndProject
Global
	GlobalSection(SolutionConfigurationPlatforms) = preSolution
		Debug|Any CPU = Debug|Any CPU
		Release|Any CPU = Release|Any CPU
	EndGlobalSection
	GlobalSection(ProjectConfigurationPlatforms) = postSolution
		{5CEBA531-0B5F-4C52-B58C-D0E5BF4D42C6}.Debug|Any CPU.ActiveCfg = Debug|Any CPU
		{5CEBA531-0B5F-4C52-B58C-D0E5BF4D42C6}.Debug|Any CPU.Build.0 = Debug|Any CPU
		{5CEBA531-0B5F-4C52-B58C-D0E5BF4D42C6}.Release|Any CPU.ActiveCfg = Release|Any CPU
		{5CEBA531-0B5F-4C52-B58C-D0E5BF4D42C6}.Release|Any CPU.Build.0 = Release|Any CPU
	EndGlobalSection
	GlobalSection(SolutionProperties) = preSolution
		HideSolutionNode = FALSE
	EndGlobalSection
	GlobalSection(ExtensibilityGlobals) = postSolution
		SolutionGuid = {DB2054A1-70D1-405E-A092-D5EF8AE915A6}
	EndGlobalSection
EndGlobal
